
Microsoft Visual Studio Solution File, Format Version 12.00
# Visual Studio Version 17
VisualStudioVersion = 17.13.35825.156 d17.13
MinimumVisualStudioVersion = 10.0.40219.1
Project("{FAE04EC0-301F-11D3-BF4B-00C04F79EFBC}") = "MvcApplication_pr01", "MvcApplication_pr01\MvcApplication_pr01.csproj", "{BA195B67-9550-4B8F-BABC-915C4B60914D}"
EndProject
Global
	GlobalSection(SolutionConfigurationPlatforms) = preSolution
		Debug|Any CPU = Debug|Any CPU
		Release|Any CPU = Release|Any CPU
	EndGlobalSection
	GlobalSection(ProjectConfigurationPlatforms) = postSolution
		{BA195B67-9550-4B8F-BABC-915C4B60914D}.Debug|Any CPU.ActiveCfg = Debug|Any CPU
		{BA195B67-9550-4B8F-BABC-915C4B60914D}.Debug|Any CPU.Build.0 = Debug|Any CPU
		{BA195B67-9550-4B8F-BABC-915C4B60914D}.Release|Any CPU.ActiveCfg = Release|Any CPU
		{BA195B67-9550-4B8F-BABC-915C4B60914D}.Release|Any CPU.Build.0 = Release|Any CPU
	EndGlobalSection
	GlobalSection(SolutionProperties) = preSolution
		HideSolutionNode = FALSE
	EndGlobalSection
	GlobalSection(ExtensibilityGlobals) = postSolution
		SolutionGuid = {F9C96FA1-4B76-4F4C-9583-62A6217170F1}
	EndGlobalSection
EndGlobal
