
Microsoft Visual Studio Solution File, Format Version 12.00
# Visual Studio Version 17
VisualStudioVersion = 17.13.35825.156 d17.13
MinimumVisualStudioVersion = 10.0.40219.1
Project("{FAE04EC0-301F-11D3-BF4B-00C04F79EFBC}") = "MvcLightphrm_Prject", "MvcLightphrm_Prject\MvcLightphrm_Prject.csproj", "{B080A79E-62FA-410A-BF68-BF0672DE3427}"
EndProject
Global
	GlobalSection(SolutionConfigurationPlatforms) = preSolution
		Debug|Any CPU = Debug|Any CPU
		Release|Any CPU = Release|Any CPU
	EndGlobalSection
	GlobalSection(ProjectConfigurationPlatforms) = postSolution
		{B080A79E-62FA-410A-BF68-BF0672DE3427}.Debug|Any CPU.ActiveCfg = Debug|Any CPU
		{B080A79E-62FA-410A-BF68-BF0672DE3427}.Debug|Any CPU.Build.0 = Debug|Any CPU
		{B080A79E-62FA-410A-BF68-BF0672DE3427}.Release|Any CPU.ActiveCfg = Release|Any CPU
		{B080A79E-62FA-410A-BF68-BF0672DE3427}.Release|Any CPU.Build.0 = Release|Any CPU
	EndGlobalSection
	GlobalSection(SolutionProperties) = preSolution
		HideSolutionNode = FALSE
	EndGlobalSection
	GlobalSection(ExtensibilityGlobals) = postSolution
		SolutionGuid = {24B89F19-37AB-4B1E-9B8E-5FBEA8946325}
	EndGlobalSection
EndGlobal
